
Microsoft Visual Studio Solution File, Format Version 12.00
# Visual Studio Version 17
VisualStudioVersion = 17.0.31903.59
MinimumVisualStudioVersion = 10.0.40219.1
Project("{FAE04EC0-301F-11D3-BF4B-00C04F79EFBC}") = "04-RecursionYangHuiTriangle", "04-YangHuiTriangle\04-RecursionYangHuiTriangle.csproj", "{B6B3D2E2-715E-4594-9A2E-2F3BA6EB7D73}"
EndProject
Project("{FAE04EC0-301F-11D3-BF4B-00C04F79EFBC}") = "05-RecursionBinarySearch", "05-RecursionBinarySearch\05-RecursionBinarySearch.csproj", "{77A32382-AA07-461D-8988-94F62E311530}"
EndProject
Project("{FAE04EC0-301F-11D3-BF4B-00C04F79EFBC}") = "06-RecursionStrip", "06-RecursionStrip\06-RecursionStrip.csproj", "{799D2948-96CD-4C28-8DB2-B8A4DE0C4F5B}"
EndProject
Project("{FAE04EC0-301F-11D3-BF4B-00C04F79EFBC}") = "07-RecursionArraySum", "07-RecursionArraySum\07-RecursionArraySum.csproj", "{98B8CBF7-9157-43F1-80AF-142D8512CB60}"
EndProject
Project("{FAE04EC0-301F-11D3-BF4B-00C04F79EFBC}") = "01-RecursionFactorial", "01-RecursionFactorial\01-RecursionFactorial.csproj", "{4F90638D-DB2A-4C77-9DBF-D5273B6B8E6B}"
EndProject
Project("{FAE04EC0-301F-11D3-BF4B-00C04F79EFBC}") = "02-RecursionHanoi", "02-RecursionHanoi\02-RecursionHanoi.csproj", "{A0B46A1F-6C76-4441-BFAD-CF10DD7E823F}"
EndProject
Project("{FAE04EC0-301F-11D3-BF4B-00C04F79EFBC}") = "03-RecursionFibonacci", "03-RecursionFibonacci\03-RecursionFibonacci.csproj", "{B25E1C15-6CB6-43AB-8E8B-61AACE3E3B9C}"
EndProject
Project("{FAE04EC0-301F-11D3-BF4B-00C04F79EFBC}") = "08-RecursionListMax", "08-RecursionListMax\08-RecursionListMax.csproj", "{47889F47-5A0D-423D-AC17-19191F3844EA}"
EndProject
Project("{FAE04EC0-301F-11D3-BF4B-00C04F79EFBC}") = "09-RecursionFolderWalker", "09-RecursionFolderWalker\09-RecursionFolderWalker.csproj", "{E45324FD-F756-455F-BBB4-54882ACAAA47}"
EndProject
Project("{FAE04EC0-301F-11D3-BF4B-00C04F79EFBC}") = "10-RecursionListReverse", "10-RecursionListReverse\10-RecursionListReverse.csproj", "{0927464B-0C84-4843-9FF3-A94142E5405A}"
EndProject
Project("{FAE04EC0-301F-11D3-BF4B-00C04F79EFBC}") = "11-RecursionEuclideanAlgorithm", "11-EuclideanAlgorithm\11-RecursionEuclideanAlgorithm.csproj", "{22B9F429-BEB9-4989-BED2-CC0BBAA2C51E}"
EndProject
Project("{FAE04EC0-301F-11D3-BF4B-00C04F79EFBC}") = "12-RecursionAllPermutation", "12-RecursionAllPermutation\12-RecursionAllPermutation.csproj", "{E1FB1860-9177-4B93-B0C2-8440784AE40D}"
EndProject
Project("{FAE04EC0-301F-11D3-BF4B-00C04F79EFBC}") = "13-RecursionSameInString", "13-RecursionSameInString\13-RecursionSameInString.csproj", "{7BEE6AA7-18F6-4B99-AC91-673457B15405}"
EndProject
Project("{FAE04EC0-301F-11D3-BF4B-00C04F79EFBC}") = "14-RecursionMinimizeZeros", "14-RecursionMinimizeZeros\14-RecursionMinimizeZeros.csproj", "{5A99A7D8-F710-40BA-99E3-D1BB34ABCE32}"
EndProject
Global
	GlobalSection(SolutionConfigurationPlatforms) = preSolution
		Debug|Any CPU = Debug|Any CPU
		Release|Any CPU = Release|Any CPU
	EndGlobalSection
	GlobalSection(ProjectConfigurationPlatforms) = postSolution
		{B6B3D2E2-715E-4594-9A2E-2F3BA6EB7D73}.Debug|Any CPU.ActiveCfg = Debug|Any CPU
		{B6B3D2E2-715E-4594-9A2E-2F3BA6EB7D73}.Debug|Any CPU.Build.0 = Debug|Any CPU
		{B6B3D2E2-715E-4594-9A2E-2F3BA6EB7D73}.Release|Any CPU.ActiveCfg = Release|Any CPU
		{B6B3D2E2-715E-4594-9A2E-2F3BA6EB7D73}.Release|Any CPU.Build.0 = Release|Any CPU
		{77A32382-AA07-461D-8988-94F62E311530}.Debug|Any CPU.ActiveCfg = Debug|Any CPU
		{77A32382-AA07-461D-8988-94F62E311530}.Debug|Any CPU.Build.0 = Debug|Any CPU
		{77A32382-AA07-461D-8988-94F62E311530}.Release|Any CPU.ActiveCfg = Release|Any CPU
		{77A32382-AA07-461D-8988-94F62E311530}.Release|Any CPU.Build.0 = Release|Any CPU
		{799D2948-96CD-4C28-8DB2-B8A4DE0C4F5B}.Debug|Any CPU.ActiveCfg = Debug|Any CPU
		{799D2948-96CD-4C28-8DB2-B8A4DE0C4F5B}.Debug|Any CPU.Build.0 = Debug|Any CPU
		{799D2948-96CD-4C28-8DB2-B8A4DE0C4F5B}.Release|Any CPU.ActiveCfg = Release|Any CPU
		{799D2948-96CD-4C28-8DB2-B8A4DE0C4F5B}.Release|Any CPU.Build.0 = Release|Any CPU
		{98B8CBF7-9157-43F1-80AF-142D8512CB60}.Debug|Any CPU.ActiveCfg = Debug|Any CPU
		{98B8CBF7-9157-43F1-80AF-142D8512CB60}.Debug|Any CPU.Build.0 = Debug|Any CPU
		{98B8CBF7-9157-43F1-80AF-142D8512CB60}.Release|Any CPU.ActiveCfg = Release|Any CPU
		{98B8CBF7-9157-43F1-80AF-142D8512CB60}.Release|Any CPU.Build.0 = Release|Any CPU
		{4F90638D-DB2A-4C77-9DBF-D5273B6B8E6B}.Debug|Any CPU.ActiveCfg = Debug|Any CPU
		{4F90638D-DB2A-4C77-9DBF-D5273B6B8E6B}.Debug|Any CPU.Build.0 = Debug|Any CPU
		{4F90638D-DB2A-4C77-9DBF-D5273B6B8E6B}.Release|Any CPU.ActiveCfg = Release|Any CPU
		{4F90638D-DB2A-4C77-9DBF-D5273B6B8E6B}.Release|Any CPU.Build.0 = Release|Any CPU
		{A0B46A1F-6C76-4441-BFAD-CF10DD7E823F}.Debug|Any CPU.ActiveCfg = Debug|Any CPU
		{A0B46A1F-6C76-4441-BFAD-CF10DD7E823F}.Debug|Any CPU.Build.0 = Debug|Any CPU
		{A0B46A1F-6C76-4441-BFAD-CF10DD7E823F}.Release|Any CPU.ActiveCfg = Release|Any CPU
		{A0B46A1F-6C76-4441-BFAD-CF10DD7E823F}.Release|Any CPU.Build.0 = Release|Any CPU
		{B25E1C15-6CB6-43AB-8E8B-61AACE3E3B9C}.Debug|Any CPU.ActiveCfg = Debug|Any CPU
		{B25E1C15-6CB6-43AB-8E8B-61AACE3E3B9C}.Debug|Any CPU.Build.0 = Debug|Any CPU
		{B25E1C15-6CB6-43AB-8E8B-61AACE3E3B9C}.Release|Any CPU.ActiveCfg = Release|Any CPU
		{B25E1C15-6CB6-43AB-8E8B-61AACE3E3B9C}.Release|Any CPU.Build.0 = Release|Any CPU
		{47889F47-5A0D-423D-AC17-19191F3844EA}.Debug|Any CPU.ActiveCfg = Debug|Any CPU
		{47889F47-5A0D-423D-AC17-19191F3844EA}.Debug|Any CPU.Build.0 = Debug|Any CPU
		{47889F47-5A0D-423D-AC17-19191F3844EA}.Release|Any CPU.ActiveCfg = Release|Any CPU
		{47889F47-5A0D-423D-AC17-19191F3844EA}.Release|Any CPU.Build.0 = Release|Any CPU
		{E45324FD-F756-455F-BBB4-54882ACAAA47}.Debug|Any CPU.ActiveCfg = Debug|Any CPU
		{E45324FD-F756-455F-BBB4-54882ACAAA47}.Debug|Any CPU.Build.0 = Debug|Any CPU
		{E45324FD-F756-455F-BBB4-54882ACAAA47}.Release|Any CPU.ActiveCfg = Release|Any CPU
		{E45324FD-F756-455F-BBB4-54882ACAAA47}.Release|Any CPU.Build.0 = Release|Any CPU
		{0927464B-0C84-4843-9FF3-A94142E5405A}.Debug|Any CPU.ActiveCfg = Debug|Any CPU
		{0927464B-0C84-4843-9FF3-A94142E5405A}.Debug|Any CPU.Build.0 = Debug|Any CPU
		{0927464B-0C84-4843-9FF3-A94142E5405A}.Release|Any CPU.ActiveCfg = Release|Any CPU
		{0927464B-0C84-4843-9FF3-A94142E5405A}.Release|Any CPU.Build.0 = Release|Any CPU
		{22B9F429-BEB9-4989-BED2-CC0BBAA2C51E}.Debug|Any CPU.ActiveCfg = Debug|Any CPU
		{22B9F429-BEB9-4989-BED2-CC0BBAA2C51E}.Debug|Any CPU.Build.0 = Debug|Any CPU
		{22B9F429-BEB9-4989-BED2-CC0BBAA2C51E}.Release|Any CPU.ActiveCfg = Release|Any CPU
		{22B9F429-BEB9-4989-BED2-CC0BBAA2C51E}.Release|Any CPU.Build.0 = Release|Any CPU
		{E1FB1860-9177-4B93-B0C2-8440784AE40D}.Debug|Any CPU.ActiveCfg = Debug|Any CPU
		{E1FB1860-9177-4B93-B0C2-8440784AE40D}.Debug|Any CPU.Build.0 = Debug|Any CPU
		{E1FB1860-9177-4B93-B0C2-8440784AE40D}.Release|Any CPU.ActiveCfg = Release|Any CPU
		{E1FB1860-9177-4B93-B0C2-8440784AE40D}.Release|Any CPU.Build.0 = Release|Any CPU
		{7BEE6AA7-18F6-4B99-AC91-673457B15405}.Debug|Any CPU.ActiveCfg = Debug|Any CPU
		{7BEE6AA7-18F6-4B99-AC91-673457B15405}.Debug|Any CPU.Build.0 = Debug|Any CPU
		{7BEE6AA7-18F6-4B99-AC91-673457B15405}.Release|Any CPU.ActiveCfg = Release|Any CPU
		{7BEE6AA7-18F6-4B99-AC91-673457B15405}.Release|Any CPU.Build.0 = Release|Any CPU
		{5A99A7D8-F710-40BA-99E3-D1BB34ABCE32}.Debug|Any CPU.ActiveCfg = Debug|Any CPU
		{5A99A7D8-F710-40BA-99E3-D1BB34ABCE32}.Debug|Any CPU.Build.0 = Debug|Any CPU
		{5A99A7D8-F710-40BA-99E3-D1BB34ABCE32}.Release|Any CPU.ActiveCfg = Release|Any CPU
		{5A99A7D8-F710-40BA-99E3-D1BB34ABCE32}.Release|Any CPU.Build.0 = Release|Any CPU
	EndGlobalSection
	GlobalSection(SolutionProperties) = preSolution
		HideSolutionNode = FALSE
	EndGlobalSection
	GlobalSection(ExtensibilityGlobals) = postSolution
		SolutionGuid = {4C7355BF-EB67-4B65-95DF-D3BC56C60986}
	EndGlobalSection
EndGlobal
