
Microsoft Visual Studio Solution File, Format Version 12.00
# Visual Studio Version 17
VisualStudioVersion = 17.0.31903.59
MinimumVisualStudioVersion = 10.0.40219.1
Project("{FAE04EC0-301F-11D3-BF4B-00C04F79EFBC}") = "04-RecursionYangHuiTriangle", "04-YangHuiTriangle\04-RecursionYangHuiTriangle.csproj", "{B6B3D2E2-715E-4594-9A2E-2F3BA6EB7D73}"
EndProject
Project("{FAE04EC0-301F-11D3-BF4B-00C04F79EFBC}") = "05-RecursionBinarySearch", "05-RecursionBinarySearch\05-RecursionBinarySearch.csproj", "{77A32382-AA07-461D-8988-94F62E311530}"
EndProject
Project("{FAE04EC0-301F-11D3-BF4B-00C04F79EFBC}") = "06-RecursionStrip", "06-RecursionStrip\06-RecursionStrip.csproj", "{799D2948-96CD-4C28-8DB2-B8A4DE0C4F5B}"
EndProject
Project("{FAE04EC0-301F-11D3-BF4B-00C04F79EFBC}") = "07-RecursionArraySum", "07-RecursionArraySum\07-RecursionArraySum.csproj", "{98B8CBF7-9157-43F1-80AF-142D8512CB60}"
EndProject
Project("{FAE04EC0-301F-11D3-BF4B-00C04F79EFBC}") = "01-RecursionFactorial", "01-RecursionFactorial\01-RecursionFactorial.csproj", "{4F90638D-DB2A-4C77-9DBF-D5273B6B8E6B}"
EndProject
Project("{FAE04EC0-301F-11D3-BF4B-00C04F79EFBC}") = "02-RecursionHanoi", "02-RecursionHanoi\02-RecursionHanoi.csproj", "{A0B46A1F-6C76-4441-BFAD-CF10DD7E823F}"
EndProject
Project("{FAE04EC0-301F-11D3-BF4B-00C04F79EFBC}") = "03-RecursionFibonacci", "03-RecursionFibonacci\03-RecursionFibonacci.csproj", "{B25E1C15-6CB6-43AB-8E8B-61AACE3E3B9C}"
EndProject
Project("{FAE04EC0-301F-11D3-BF4B-00C04F79EFBC}") = "08-RecursionListMax", "08-RecursionListMax\08-RecursionListMax.csproj", "{47889F47-5A0D-423D-AC17-19191F3844EA}"
EndProject
Project("{FAE04EC0-301F-11D3-BF4B-00C04F79EFBC}") = "09-RecursionFolderWalker", "09-RecursionFolderWalker\09-RecursionFolderWalker.csproj", "{E45324FD-F756-455F-BBB4-54882ACAAA47}"
EndProject
Project("{FAE04EC0-301F-11D3-BF4B-00C04F79EFBC}") = "10-RecursionListReverse", "10-RecursionListReverse\10-RecursionListReverse.csproj", "{0927464B-0C84-4843-9FF3-A94142E5405A}"
EndProject
Project("{FAE04EC0-301F-11D3-BF4B-00C04F79EFBC}") = "11-RecursionEuclideanAlgorithm", "11-EuclideanAlgorithm\11-RecursionEuclideanAlgorithm.csproj", "{22B9F429-BEB9-4989-BED2-CC0BBAA2C51E}"
EndProject
Project("{FAE04EC0-301F-11D3-BF4B-00C04F79EFBC}") = "12-RecursionAllPermutation", "12-RecursionAllPermutation\12-RecursionAllPermutation.csproj", "{E1FB1860-9177-4B93-B0C2-8440784AE40D}"
EndProject
Project("{FAE04EC0-301F-11D3-BF4B-00C04F79EFBC}") = "13-RecursionSameInString", "13-RecursionSameInString\13-RecursionSameInString.csproj", "{7BEE6AA7-18F6-4B99-AC91-673457B15405}"
EndProject
Project("{FAE04EC0-301F-11D3-BF4B-00C04F79EFBC}") = "14-RecursionMinimizeZeros", "14-RecursionMinimizeZeros\14-RecursionMinimizeZeros.csproj", "{5A99A7D8-F710-40BA-99E3-D1BB34ABCE32}"
EndProject
Project("{FAE04EC0-301F-11D3-BF4B-00C04F79EFBC}") = "15-RecursionPalindrome", "15-RecursionPalindrome\15-RecursionPalindrome.csproj", "{F270E71E-5D2C-4F69-AA9F-ACAFA488D8F1}"
EndProject
Project("{FAE04EC0-301F-11D3-BF4B-00C04F79EFBC}") = "16-RecursionExpoent", "16-RecursionExpoent\16-RecursionExpoent.csproj", "{0C60F5FA-AE27-40DA-9F2E-74DFB743CBF3}"
EndProject
Project("{FAE04EC0-301F-11D3-BF4B-00C04F79EFBC}") = "17-RecursionMultiplication", "17-RecursionMultiplication\17-RecursionMultiplication.csproj", "{E742BDF5-6C98-4DF5-BA45-99B92B2B17AC}"
EndProject
Project("{FAE04EC0-301F-11D3-BF4B-00C04F79EFBC}") = "18-RecursionPowerofTwo", "18-RecursionPowerofTwo\18-RecursionPowerofTwo.csproj", "{9541417B-7C62-4952-B2FA-E6FC584C930D}"
EndProject
Project("{FAE04EC0-301F-11D3-BF4B-00C04F79EFBC}") = "19-RecursionRange", "19-RecursionRange\19-RecursionRange.csproj", "{31A70A10-8CFF-4FDE-8C25-51E34A407858}"
EndProject
Project("{FAE04EC0-301F-11D3-BF4B-00C04F79EFBC}") = "20-RecursionRemainder", "20-RecursionRemainder\20-RecursionRemainder.csproj", "{4337A41E-EA57-453B-8B45-1BC9FC75E13F}"
EndProject
Project("{FAE04EC0-301F-11D3-BF4B-00C04F79EFBC}") = "21-RecursionStringList", "21-RecursionStringList\21-RecursionStringList.csproj", "{5D5301B6-D6B2-44FD-9210-9014F816E6E2}"
EndProject
Project("{FAE04EC0-301F-11D3-BF4B-00C04F79EFBC}") = "22-RecursionFizzBuzz", "22-RecursionFizzBuzz\22-RecursionFizzBuzz.csproj", "{359E9956-5EB5-49C7-B264-49E61B8ECAEC}"
EndProject
Project("{FAE04EC0-301F-11D3-BF4B-00C04F79EFBC}") = "23-RecursionCommpareString", "23-RecursionCommpareString\23-RecursionCommpareString.csproj", "{1473F079-4962-4A25-AD45-D3BE3A1609DC}"
EndProject
Project("{FAE04EC0-301F-11D3-BF4B-00C04F79EFBC}") = "24-RecursionCountOccurrence", "24-RecursionCountOccurrence\24-RecursionCountOccurrence.csproj", "{5D613653-CAF2-43D8-A100-43DA4FBD6E5B}"
EndProject
Project("{FAE04EC0-301F-11D3-BF4B-00C04F79EFBC}") = "25-RecursionBinaryTreeCreate", "25-RecursionBinaryTreeCreate\25-RecursionBinaryTreeCreate.csproj", "{03770B97-5C3C-40F9-AD25-C133465D9A8C}"
EndProject
Project("{FAE04EC0-301F-11D3-BF4B-00C04F79EFBC}") = "26-RecursionInorderTraversal", "26-RecursionInorderTraversal\26-RecursionInorderTraversal.csproj", "{13850B9E-2F38-459D-9EF5-0E25E37ED847}"
EndProject
Project("{FAE04EC0-301F-11D3-BF4B-00C04F79EFBC}") = "27-RecursionPreOrderTraversal", "27-RecursionPreOrderTraversal\27-RecursionPreOrderTraversal.csproj", "{8229A38E-31EE-494F-979E-9878CA2CABDC}"
EndProject
Project("{FAE04EC0-301F-11D3-BF4B-00C04F79EFBC}") = "28-RecursionPostorderTraversal", "28-RecursionPostorderTraversal\28-RecursionPostorderTraversal.csproj", "{AB196456-E5D8-4AF9-A0C6-8D752088DB23}"
EndProject
Project("{9A19103F-16F7-4668-BE54-9A1E7A4F7556}") = "29-RecursionWPFLogicalTreeTraversal", "29-RecursionWPFLogicalTreeTraversal\29-RecursionWPFLogicalTreeTraversal.csproj", "{6C4C5609-7DD6-4921-B90C-16EC635017FF}"
EndProject
Project("{FAE04EC0-301F-11D3-BF4B-00C04F79EFBC}") = "30-RecursionWPFVisualTreeTraversal", "30-RecursionWPFVisualTreeTraversal\30-RecursionWPFVisualTreeTraversal.csproj", "{3C6C73DD-5482-4CF3-827C-E91127A78121}"
EndProject
Global
	GlobalSection(SolutionConfigurationPlatforms) = preSolution
		Debug|Any CPU = Debug|Any CPU
		Release|Any CPU = Release|Any CPU
	EndGlobalSection
	GlobalSection(ProjectConfigurationPlatforms) = postSolution
		{B6B3D2E2-715E-4594-9A2E-2F3BA6EB7D73}.Debug|Any CPU.ActiveCfg = Debug|Any CPU
		{B6B3D2E2-715E-4594-9A2E-2F3BA6EB7D73}.Debug|Any CPU.Build.0 = Debug|Any CPU
		{B6B3D2E2-715E-4594-9A2E-2F3BA6EB7D73}.Release|Any CPU.ActiveCfg = Release|Any CPU
		{B6B3D2E2-715E-4594-9A2E-2F3BA6EB7D73}.Release|Any CPU.Build.0 = Release|Any CPU
		{77A32382-AA07-461D-8988-94F62E311530}.Debug|Any CPU.ActiveCfg = Debug|Any CPU
		{77A32382-AA07-461D-8988-94F62E311530}.Debug|Any CPU.Build.0 = Debug|Any CPU
		{77A32382-AA07-461D-8988-94F62E311530}.Release|Any CPU.ActiveCfg = Release|Any CPU
		{77A32382-AA07-461D-8988-94F62E311530}.Release|Any CPU.Build.0 = Release|Any CPU
		{799D2948-96CD-4C28-8DB2-B8A4DE0C4F5B}.Debug|Any CPU.ActiveCfg = Debug|Any CPU
		{799D2948-96CD-4C28-8DB2-B8A4DE0C4F5B}.Debug|Any CPU.Build.0 = Debug|Any CPU
		{799D2948-96CD-4C28-8DB2-B8A4DE0C4F5B}.Release|Any CPU.ActiveCfg = Release|Any CPU
		{799D2948-96CD-4C28-8DB2-B8A4DE0C4F5B}.Release|Any CPU.Build.0 = Release|Any CPU
		{98B8CBF7-9157-43F1-80AF-142D8512CB60}.Debug|Any CPU.ActiveCfg = Debug|Any CPU
		{98B8CBF7-9157-43F1-80AF-142D8512CB60}.Debug|Any CPU.Build.0 = Debug|Any CPU
		{98B8CBF7-9157-43F1-80AF-142D8512CB60}.Release|Any CPU.ActiveCfg = Release|Any CPU
		{98B8CBF7-9157-43F1-80AF-142D8512CB60}.Release|Any CPU.Build.0 = Release|Any CPU
		{4F90638D-DB2A-4C77-9DBF-D5273B6B8E6B}.Debug|Any CPU.ActiveCfg = Debug|Any CPU
		{4F90638D-DB2A-4C77-9DBF-D5273B6B8E6B}.Debug|Any CPU.Build.0 = Debug|Any CPU
		{4F90638D-DB2A-4C77-9DBF-D5273B6B8E6B}.Release|Any CPU.ActiveCfg = Release|Any CPU
		{4F90638D-DB2A-4C77-9DBF-D5273B6B8E6B}.Release|Any CPU.Build.0 = Release|Any CPU
		{A0B46A1F-6C76-4441-BFAD-CF10DD7E823F}.Debug|Any CPU.ActiveCfg = Debug|Any CPU
		{A0B46A1F-6C76-4441-BFAD-CF10DD7E823F}.Debug|Any CPU.Build.0 = Debug|Any CPU
		{A0B46A1F-6C76-4441-BFAD-CF10DD7E823F}.Release|Any CPU.ActiveCfg = Release|Any CPU
		{A0B46A1F-6C76-4441-BFAD-CF10DD7E823F}.Release|Any CPU.Build.0 = Release|Any CPU
		{B25E1C15-6CB6-43AB-8E8B-61AACE3E3B9C}.Debug|Any CPU.ActiveCfg = Debug|Any CPU
		{B25E1C15-6CB6-43AB-8E8B-61AACE3E3B9C}.Debug|Any CPU.Build.0 = Debug|Any CPU
		{B25E1C15-6CB6-43AB-8E8B-61AACE3E3B9C}.Release|Any CPU.ActiveCfg = Release|Any CPU
		{B25E1C15-6CB6-43AB-8E8B-61AACE3E3B9C}.Release|Any CPU.Build.0 = Release|Any CPU
		{47889F47-5A0D-423D-AC17-19191F3844EA}.Debug|Any CPU.ActiveCfg = Debug|Any CPU
		{47889F47-5A0D-423D-AC17-19191F3844EA}.Debug|Any CPU.Build.0 = Debug|Any CPU
		{47889F47-5A0D-423D-AC17-19191F3844EA}.Release|Any CPU.ActiveCfg = Release|Any CPU
		{47889F47-5A0D-423D-AC17-19191F3844EA}.Release|Any CPU.Build.0 = Release|Any CPU
		{E45324FD-F756-455F-BBB4-54882ACAAA47}.Debug|Any CPU.ActiveCfg = Debug|Any CPU
		{E45324FD-F756-455F-BBB4-54882ACAAA47}.Debug|Any CPU.Build.0 = Debug|Any CPU
		{E45324FD-F756-455F-BBB4-54882ACAAA47}.Release|Any CPU.ActiveCfg = Release|Any CPU
		{E45324FD-F756-455F-BBB4-54882ACAAA47}.Release|Any CPU.Build.0 = Release|Any CPU
		{0927464B-0C84-4843-9FF3-A94142E5405A}.Debug|Any CPU.ActiveCfg = Debug|Any CPU
		{0927464B-0C84-4843-9FF3-A94142E5405A}.Debug|Any CPU.Build.0 = Debug|Any CPU
		{0927464B-0C84-4843-9FF3-A94142E5405A}.Release|Any CPU.ActiveCfg = Release|Any CPU
		{0927464B-0C84-4843-9FF3-A94142E5405A}.Release|Any CPU.Build.0 = Release|Any CPU
		{22B9F429-BEB9-4989-BED2-CC0BBAA2C51E}.Debug|Any CPU.ActiveCfg = Debug|Any CPU
		{22B9F429-BEB9-4989-BED2-CC0BBAA2C51E}.Debug|Any CPU.Build.0 = Debug|Any CPU
		{22B9F429-BEB9-4989-BED2-CC0BBAA2C51E}.Release|Any CPU.ActiveCfg = Release|Any CPU
		{22B9F429-BEB9-4989-BED2-CC0BBAA2C51E}.Release|Any CPU.Build.0 = Release|Any CPU
		{E1FB1860-9177-4B93-B0C2-8440784AE40D}.Debug|Any CPU.ActiveCfg = Debug|Any CPU
		{E1FB1860-9177-4B93-B0C2-8440784AE40D}.Debug|Any CPU.Build.0 = Debug|Any CPU
		{E1FB1860-9177-4B93-B0C2-8440784AE40D}.Release|Any CPU.ActiveCfg = Release|Any CPU
		{E1FB1860-9177-4B93-B0C2-8440784AE40D}.Release|Any CPU.Build.0 = Release|Any CPU
		{7BEE6AA7-18F6-4B99-AC91-673457B15405}.Debug|Any CPU.ActiveCfg = Debug|Any CPU
		{7BEE6AA7-18F6-4B99-AC91-673457B15405}.Debug|Any CPU.Build.0 = Debug|Any CPU
		{7BEE6AA7-18F6-4B99-AC91-673457B15405}.Release|Any CPU.ActiveCfg = Release|Any CPU
		{7BEE6AA7-18F6-4B99-AC91-673457B15405}.Release|Any CPU.Build.0 = Release|Any CPU
		{5A99A7D8-F710-40BA-99E3-D1BB34ABCE32}.Debug|Any CPU.ActiveCfg = Debug|Any CPU
		{5A99A7D8-F710-40BA-99E3-D1BB34ABCE32}.Debug|Any CPU.Build.0 = Debug|Any CPU
		{5A99A7D8-F710-40BA-99E3-D1BB34ABCE32}.Release|Any CPU.ActiveCfg = Release|Any CPU
		{5A99A7D8-F710-40BA-99E3-D1BB34ABCE32}.Release|Any CPU.Build.0 = Release|Any CPU
		{F270E71E-5D2C-4F69-AA9F-ACAFA488D8F1}.Debug|Any CPU.ActiveCfg = Debug|Any CPU
		{F270E71E-5D2C-4F69-AA9F-ACAFA488D8F1}.Debug|Any CPU.Build.0 = Debug|Any CPU
		{F270E71E-5D2C-4F69-AA9F-ACAFA488D8F1}.Release|Any CPU.ActiveCfg = Release|Any CPU
		{F270E71E-5D2C-4F69-AA9F-ACAFA488D8F1}.Release|Any CPU.Build.0 = Release|Any CPU
		{0C60F5FA-AE27-40DA-9F2E-74DFB743CBF3}.Debug|Any CPU.ActiveCfg = Debug|Any CPU
		{0C60F5FA-AE27-40DA-9F2E-74DFB743CBF3}.Debug|Any CPU.Build.0 = Debug|Any CPU
		{0C60F5FA-AE27-40DA-9F2E-74DFB743CBF3}.Release|Any CPU.ActiveCfg = Release|Any CPU
		{0C60F5FA-AE27-40DA-9F2E-74DFB743CBF3}.Release|Any CPU.Build.0 = Release|Any CPU
		{E742BDF5-6C98-4DF5-BA45-99B92B2B17AC}.Debug|Any CPU.ActiveCfg = Debug|Any CPU
		{E742BDF5-6C98-4DF5-BA45-99B92B2B17AC}.Debug|Any CPU.Build.0 = Debug|Any CPU
		{E742BDF5-6C98-4DF5-BA45-99B92B2B17AC}.Release|Any CPU.ActiveCfg = Release|Any CPU
		{E742BDF5-6C98-4DF5-BA45-99B92B2B17AC}.Release|Any CPU.Build.0 = Release|Any CPU
		{9541417B-7C62-4952-B2FA-E6FC584C930D}.Debug|Any CPU.ActiveCfg = Debug|Any CPU
		{9541417B-7C62-4952-B2FA-E6FC584C930D}.Debug|Any CPU.Build.0 = Debug|Any CPU
		{9541417B-7C62-4952-B2FA-E6FC584C930D}.Release|Any CPU.ActiveCfg = Release|Any CPU
		{9541417B-7C62-4952-B2FA-E6FC584C930D}.Release|Any CPU.Build.0 = Release|Any CPU
		{31A70A10-8CFF-4FDE-8C25-51E34A407858}.Debug|Any CPU.ActiveCfg = Debug|Any CPU
		{31A70A10-8CFF-4FDE-8C25-51E34A407858}.Debug|Any CPU.Build.0 = Debug|Any CPU
		{31A70A10-8CFF-4FDE-8C25-51E34A407858}.Release|Any CPU.ActiveCfg = Release|Any CPU
		{31A70A10-8CFF-4FDE-8C25-51E34A407858}.Release|Any CPU.Build.0 = Release|Any CPU
		{4337A41E-EA57-453B-8B45-1BC9FC75E13F}.Debug|Any CPU.ActiveCfg = Debug|Any CPU
		{4337A41E-EA57-453B-8B45-1BC9FC75E13F}.Debug|Any CPU.Build.0 = Debug|Any CPU
		{4337A41E-EA57-453B-8B45-1BC9FC75E13F}.Release|Any CPU.ActiveCfg = Release|Any CPU
		{4337A41E-EA57-453B-8B45-1BC9FC75E13F}.Release|Any CPU.Build.0 = Release|Any CPU
		{5D5301B6-D6B2-44FD-9210-9014F816E6E2}.Debug|Any CPU.ActiveCfg = Debug|Any CPU
		{5D5301B6-D6B2-44FD-9210-9014F816E6E2}.Debug|Any CPU.Build.0 = Debug|Any CPU
		{5D5301B6-D6B2-44FD-9210-9014F816E6E2}.Release|Any CPU.ActiveCfg = Release|Any CPU
		{5D5301B6-D6B2-44FD-9210-9014F816E6E2}.Release|Any CPU.Build.0 = Release|Any CPU
		{359E9956-5EB5-49C7-B264-49E61B8ECAEC}.Debug|Any CPU.ActiveCfg = Debug|Any CPU
		{359E9956-5EB5-49C7-B264-49E61B8ECAEC}.Debug|Any CPU.Build.0 = Debug|Any CPU
		{359E9956-5EB5-49C7-B264-49E61B8ECAEC}.Release|Any CPU.ActiveCfg = Release|Any CPU
		{359E9956-5EB5-49C7-B264-49E61B8ECAEC}.Release|Any CPU.Build.0 = Release|Any CPU
		{1473F079-4962-4A25-AD45-D3BE3A1609DC}.Debug|Any CPU.ActiveCfg = Debug|Any CPU
		{1473F079-4962-4A25-AD45-D3BE3A1609DC}.Debug|Any CPU.Build.0 = Debug|Any CPU
		{1473F079-4962-4A25-AD45-D3BE3A1609DC}.Release|Any CPU.ActiveCfg = Release|Any CPU
		{1473F079-4962-4A25-AD45-D3BE3A1609DC}.Release|Any CPU.Build.0 = Release|Any CPU
		{5D613653-CAF2-43D8-A100-43DA4FBD6E5B}.Debug|Any CPU.ActiveCfg = Debug|Any CPU
		{5D613653-CAF2-43D8-A100-43DA4FBD6E5B}.Debug|Any CPU.Build.0 = Debug|Any CPU
		{5D613653-CAF2-43D8-A100-43DA4FBD6E5B}.Release|Any CPU.ActiveCfg = Release|Any CPU
		{5D613653-CAF2-43D8-A100-43DA4FBD6E5B}.Release|Any CPU.Build.0 = Release|Any CPU
		{03770B97-5C3C-40F9-AD25-C133465D9A8C}.Debug|Any CPU.ActiveCfg = Debug|Any CPU
		{03770B97-5C3C-40F9-AD25-C133465D9A8C}.Debug|Any CPU.Build.0 = Debug|Any CPU
		{03770B97-5C3C-40F9-AD25-C133465D9A8C}.Release|Any CPU.ActiveCfg = Release|Any CPU
		{03770B97-5C3C-40F9-AD25-C133465D9A8C}.Release|Any CPU.Build.0 = Release|Any CPU
		{13850B9E-2F38-459D-9EF5-0E25E37ED847}.Debug|Any CPU.ActiveCfg = Debug|Any CPU
		{13850B9E-2F38-459D-9EF5-0E25E37ED847}.Debug|Any CPU.Build.0 = Debug|Any CPU
		{13850B9E-2F38-459D-9EF5-0E25E37ED847}.Release|Any CPU.ActiveCfg = Release|Any CPU
		{13850B9E-2F38-459D-9EF5-0E25E37ED847}.Release|Any CPU.Build.0 = Release|Any CPU
		{8229A38E-31EE-494F-979E-9878CA2CABDC}.Debug|Any CPU.ActiveCfg = Debug|Any CPU
		{8229A38E-31EE-494F-979E-9878CA2CABDC}.Debug|Any CPU.Build.0 = Debug|Any CPU
		{8229A38E-31EE-494F-979E-9878CA2CABDC}.Release|Any CPU.ActiveCfg = Release|Any CPU
		{8229A38E-31EE-494F-979E-9878CA2CABDC}.Release|Any CPU.Build.0 = Release|Any CPU
		{AB196456-E5D8-4AF9-A0C6-8D752088DB23}.Debug|Any CPU.ActiveCfg = Debug|Any CPU
		{AB196456-E5D8-4AF9-A0C6-8D752088DB23}.Debug|Any CPU.Build.0 = Debug|Any CPU
		{AB196456-E5D8-4AF9-A0C6-8D752088DB23}.Release|Any CPU.ActiveCfg = Release|Any CPU
		{AB196456-E5D8-4AF9-A0C6-8D752088DB23}.Release|Any CPU.Build.0 = Release|Any CPU
		{6C4C5609-7DD6-4921-B90C-16EC635017FF}.Debug|Any CPU.ActiveCfg = Debug|Any CPU
		{6C4C5609-7DD6-4921-B90C-16EC635017FF}.Debug|Any CPU.Build.0 = Debug|Any CPU
		{6C4C5609-7DD6-4921-B90C-16EC635017FF}.Release|Any CPU.ActiveCfg = Release|Any CPU
		{6C4C5609-7DD6-4921-B90C-16EC635017FF}.Release|Any CPU.Build.0 = Release|Any CPU
		{3C6C73DD-5482-4CF3-827C-E91127A78121}.Debug|Any CPU.ActiveCfg = Debug|Any CPU
		{3C6C73DD-5482-4CF3-827C-E91127A78121}.Debug|Any CPU.Build.0 = Debug|Any CPU
		{3C6C73DD-5482-4CF3-827C-E91127A78121}.Release|Any CPU.ActiveCfg = Release|Any CPU
		{3C6C73DD-5482-4CF3-827C-E91127A78121}.Release|Any CPU.Build.0 = Release|Any CPU
	EndGlobalSection
	GlobalSection(SolutionProperties) = preSolution
		HideSolutionNode = FALSE
	EndGlobalSection
	GlobalSection(ExtensibilityGlobals) = postSolution
		SolutionGuid = {4C7355BF-EB67-4B65-95DF-D3BC56C60986}
	EndGlobalSection
EndGlobal
